
Microsoft Visual Studio Solution File, Format Version 12.00
# Visual Studio 2013
VisualStudioVersion = 12.0.30501.0
MinimumVisualStudioVersion = 10.0.40219.1
Project("{FAE04EC0-301F-11D3-BF4B-00C04F79EFBC}") = "BMS", "BMS\BMS.csproj", "{53F883CD-8CA5-4356-BDBE-C2A0977EA998}"
EndProject
Project("{FAE04EC0-301F-11D3-BF4B-00C04F79EFBC}") = "ModuleList", "ModuleList\ModuleList.csproj", "{1CC68C73-BD2E-425D-9D3C-9CE99310BE06}"
EndProject
Project("{FAE04EC0-301F-11D3-BF4B-00C04F79EFBC}") = "Service", "Service\Service.csproj", "{40009C9E-2F5A-4CC9-9ABF-FD434D96EF37}"
EndProject
Project("{FAE04EC0-301F-11D3-BF4B-00C04F79EFBC}") = "UserManagerModule", "UserManagerModule\UserManagerModule.csproj", "{F2BB43C5-E66A-427F-A263-EAB7A0B549B1}"
EndProject
Project("{FAE04EC0-301F-11D3-BF4B-00C04F79EFBC}") = "ModuleAgenda", "ModuleAgenda\ModuleAgenda.csproj", "{3E2EC35A-9E83-49D1-A2AC-87908775EDB5}"
EndProject
Project("{FAE04EC0-301F-11D3-BF4B-00C04F79EFBC}") = "StockManagerModule", "StockManagerModule\StockManagerModule.csproj", "{3C899B8D-669B-4CB8-808A-32E0E0005BB7}"
EndProject
Project("{FAE04EC0-301F-11D3-BF4B-00C04F79EFBC}") = "OrdersManagerModule", "OrdersManagerModule\OrdersManagerModule.csproj", "{C4719554-B9FC-435B-8683-BD7822E46438}"
EndProject
Project("{FAE04EC0-301F-11D3-BF4B-00C04F79EFBC}") = "EmployeeManagerModule", "EmployeeManagerModule\EmployeeManagerModule.csproj", "{2DECF253-17F8-432A-BD45-08CC052047F9}"
EndProject
Project("{FAE04EC0-301F-11D3-BF4B-00C04F79EFBC}") = "ModuleManagerModule", "ModuleManagerModule\ModuleManagerModule.csproj", "{717B86B7-97EF-4002-88F8-1ACF1D2F6C1C}"
EndProject
Global
	GlobalSection(SolutionConfigurationPlatforms) = preSolution
		Debug|Any CPU = Debug|Any CPU
		Release|Any CPU = Release|Any CPU
	EndGlobalSection
	GlobalSection(ProjectConfigurationPlatforms) = postSolution
		{53F883CD-8CA5-4356-BDBE-C2A0977EA998}.Debug|Any CPU.ActiveCfg = Debug|Any CPU
		{53F883CD-8CA5-4356-BDBE-C2A0977EA998}.Debug|Any CPU.Build.0 = Debug|Any CPU
		{53F883CD-8CA5-4356-BDBE-C2A0977EA998}.Release|Any CPU.ActiveCfg = Release|Any CPU
		{53F883CD-8CA5-4356-BDBE-C2A0977EA998}.Release|Any CPU.Build.0 = Release|Any CPU
		{1CC68C73-BD2E-425D-9D3C-9CE99310BE06}.Debug|Any CPU.ActiveCfg = Debug|Any CPU
		{1CC68C73-BD2E-425D-9D3C-9CE99310BE06}.Debug|Any CPU.Build.0 = Debug|Any CPU
		{1CC68C73-BD2E-425D-9D3C-9CE99310BE06}.Release|Any CPU.ActiveCfg = Release|Any CPU
		{1CC68C73-BD2E-425D-9D3C-9CE99310BE06}.Release|Any CPU.Build.0 = Release|Any CPU
		{40009C9E-2F5A-4CC9-9ABF-FD434D96EF37}.Debug|Any CPU.ActiveCfg = Debug|Any CPU
		{40009C9E-2F5A-4CC9-9ABF-FD434D96EF37}.Debug|Any CPU.Build.0 = Debug|Any CPU
		{40009C9E-2F5A-4CC9-9ABF-FD434D96EF37}.Release|Any CPU.ActiveCfg = Release|Any CPU
		{40009C9E-2F5A-4CC9-9ABF-FD434D96EF37}.Release|Any CPU.Build.0 = Release|Any CPU
		{F2BB43C5-E66A-427F-A263-EAB7A0B549B1}.Debug|Any CPU.ActiveCfg = Debug|Any CPU
		{F2BB43C5-E66A-427F-A263-EAB7A0B549B1}.Debug|Any CPU.Build.0 = Debug|Any CPU
		{F2BB43C5-E66A-427F-A263-EAB7A0B549B1}.Release|Any CPU.ActiveCfg = Release|Any CPU
		{F2BB43C5-E66A-427F-A263-EAB7A0B549B1}.Release|Any CPU.Build.0 = Release|Any CPU
		{3E2EC35A-9E83-49D1-A2AC-87908775EDB5}.Debug|Any CPU.ActiveCfg = Debug|Any CPU
		{3E2EC35A-9E83-49D1-A2AC-87908775EDB5}.Debug|Any CPU.Build.0 = Debug|Any CPU
		{3E2EC35A-9E83-49D1-A2AC-87908775EDB5}.Release|Any CPU.ActiveCfg = Release|Any CPU
		{3E2EC35A-9E83-49D1-A2AC-87908775EDB5}.Release|Any CPU.Build.0 = Release|Any CPU
		{3C899B8D-669B-4CB8-808A-32E0E0005BB7}.Debug|Any CPU.ActiveCfg = Debug|Any CPU
		{3C899B8D-669B-4CB8-808A-32E0E0005BB7}.Debug|Any CPU.Build.0 = Debug|Any CPU
		{3C899B8D-669B-4CB8-808A-32E0E0005BB7}.Release|Any CPU.ActiveCfg = Release|Any CPU
		{3C899B8D-669B-4CB8-808A-32E0E0005BB7}.Release|Any CPU.Build.0 = Release|Any CPU
		{C4719554-B9FC-435B-8683-BD7822E46438}.Debug|Any CPU.ActiveCfg = Debug|Any CPU
		{C4719554-B9FC-435B-8683-BD7822E46438}.Debug|Any CPU.Build.0 = Debug|Any CPU
		{C4719554-B9FC-435B-8683-BD7822E46438}.Release|Any CPU.ActiveCfg = Release|Any CPU
		{C4719554-B9FC-435B-8683-BD7822E46438}.Release|Any CPU.Build.0 = Release|Any CPU
		{2DECF253-17F8-432A-BD45-08CC052047F9}.Debug|Any CPU.ActiveCfg = Debug|Any CPU
		{2DECF253-17F8-432A-BD45-08CC052047F9}.Debug|Any CPU.Build.0 = Debug|Any CPU
		{2DECF253-17F8-432A-BD45-08CC052047F9}.Release|Any CPU.ActiveCfg = Release|Any CPU
		{2DECF253-17F8-432A-BD45-08CC052047F9}.Release|Any CPU.Build.0 = Release|Any CPU
		{717B86B7-97EF-4002-88F8-1ACF1D2F6C1C}.Debug|Any CPU.ActiveCfg = Debug|Any CPU
		{717B86B7-97EF-4002-88F8-1ACF1D2F6C1C}.Debug|Any CPU.Build.0 = Debug|Any CPU
		{717B86B7-97EF-4002-88F8-1ACF1D2F6C1C}.Release|Any CPU.ActiveCfg = Release|Any CPU
		{717B86B7-97EF-4002-88F8-1ACF1D2F6C1C}.Release|Any CPU.Build.0 = Release|Any CPU
	EndGlobalSection
	GlobalSection(SolutionProperties) = preSolution
		HideSolutionNode = FALSE
	EndGlobalSection
EndGlobal
